<?xml version="1.0" encoding="utf-8"?>
<Project ToolsVersion="4.0" xmlns="http://schemas.microsoft.com/developer/msbuild/2003">
  <ItemGroup>
    <Filter Include="Source Files">
      <UniqueIdentifier>{4FC737F1-C7A5-4376-A066-2A32D752A2FF}</UniqueIdentifier>
      <Extensions>cpp;c;cc;cxx;def;odl;idl;hpj;bat;asm;asmx</Extensions>
    </Filter>
    <Filter Include="Header Files">
      <UniqueIdentifier>{93995380-89BD-4b04-88EB-625FBE52EBFB}</UniqueIdentifier>
      <Extensions>h;hh;hpp;hxx;hm;inl;inc;xsd</Extensions>
    </Filter>
    <Filter Include="Resource Files">
      <UniqueIdentifier>{67DA6AB6-F800-4c08-8B7A-83BB121AAD01}</UniqueIdentifier>
      <Extensions>rc;ico;cur;bmp;dlg;rc2;rct;bin;rgs;gif;jpg;jpeg;jpe;resx;tiff;tif;png;wav;mfcribbon-ms</Extensions>
    </Filter>
    <Filter Include="Source Files\EngineCore">
      <UniqueIdentifier>{f3b08193-8b1b-4462-a2c7-cfb1ce2d4514}</UniqueIdentifier>
    </Filter>
    <Filter Include="Source Files\Utils">
      <UniqueIdentifier>{a24fb93a-44a7-40ff-8f44-0d590370dfcb}</UniqueIdentifier>
    </Filter>
    <Filter Include="Source Files\Utils\Math">
      <UniqueIdentifier>{bbb0cdea-4cfa-43a8-a7dd-84b4fbdbd2cc}</UniqueIdentifier>
    </Filter>
    <Filter Include="Source Files\EngineCore\Input">
      <UniqueIdentifier>{7c96c1b1-ba10-40f4-ab4c-850013c115f6}</UniqueIdentifier>
    </Filter>
    <Filter Include="Source Files\RenderCore">
      <UniqueIdentifier>{9566b842-3b8a-47b5-93c2-09387175bd64}</UniqueIdentifier>
    </Filter>
    <Filter Include="Source Files\Events">
      <UniqueIdentifier>{e8f13302-7f7c-472c-9f38-8673ec37ea73}</UniqueIdentifier>
    </Filter>
    <Filter Include="Source Files\Windowing">
      <UniqueIdentifier>{1fbcf05c-ea5b-451f-82c6-66303bcef10e}</UniqueIdentifier>
    </Filter>
    <Filter Include="Source Files\Debug">
      <UniqueIdentifier>{fda1f300-df02-4277-a729-8017f125984c}</UniqueIdentifier>
    </Filter>
    <Filter Include="Source Files\RenderCore\HardwareInterface">
      <UniqueIdentifier>{275d7f2a-9495-453b-b922-930f868e3021}</UniqueIdentifier>
    </Filter>
  </ItemGroup>
  <ItemGroup>
    <ClCompile Include="Src\Application.cpp">
      <Filter>Source Files</Filter>
    </ClCompile>
    <ClCompile Include="Src\EngineCore\Engine.cpp">
      <Filter>Source Files\EngineCore</Filter>
    </ClCompile>
    <ClCompile Include="Src\StdAfx.cpp">
      <Filter>Source Files</Filter>
    </ClCompile>
    <ClCompile Include="Src\EngineCore\Input\InputHandler.cpp">
      <Filter>Source Files\EngineCore\Input</Filter>
    </ClCompile>
    <ClCompile Include="Src\Events\EventHandler.cpp">
      <Filter>Source Files\Events</Filter>
    </ClCompile>
    <ClCompile Include="Src\Events\Events.cpp">
      <Filter>Source Files\Events</Filter>
    </ClCompile>
    <ClCompile Include="Src\Windowing\Win32Window.cpp">
      <Filter>Source Files\Windowing</Filter>
    </ClCompile>
    <ClCompile Include="Src\Windowing\WindowMessageAdaptor.cpp">
      <Filter>Source Files\Windowing</Filter>
    </ClCompile>
    <ClCompile Include="Src\RenderCore\Renderer.cpp">
      <Filter>Source Files\RenderCore</Filter>
    </ClCompile>
    <ClCompile Include="Src\Utils\Conversions.cpp">
      <Filter>Source Files\Utils</Filter>
    </ClCompile>
    <ClCompile Include="Src\Utils\Math\Vector2D.cpp">
      <Filter>Source Files\Utils\Math</Filter>
    </ClCompile>
    <ClCompile Include="Src\Utils\Math\Vector3D.cpp">
      <Filter>Source Files\Utils\Math</Filter>
    </ClCompile>
    <ClCompile Include="Src\RenderCore\HardwareInterface\OpenGLRHI.cpp">
      <Filter>Source Files\RenderCore\HardwareInterface</Filter>
    </ClCompile>
  </ItemGroup>
  <ItemGroup>
    <ClInclude Include="Src\EngineCore\Engine.h">
      <Filter>Source Files\EngineCore</Filter>
    </ClInclude>
    <ClInclude Include="Src\Application.h">
      <Filter>Source Files</Filter>
    </ClInclude>
    <ClInclude Include="Src\StdAfx.h">
      <Filter>Source Files</Filter>
    </ClInclude>
    <ClInclude Include="Src\EngineCore\Input\InputHandler.h">
      <Filter>Source Files\EngineCore\Input</Filter>
    </ClInclude>
    <ClInclude Include="Src\EngineCore\Debug\Debug.h">
      <Filter>Source Files\Debug</Filter>
    </ClInclude>
    <ClInclude Include="Src\Events\EventHandler.h">
      <Filter>Source Files\Events</Filter>
    </ClInclude>
    <ClInclude Include="Src\Events\Events.h">
      <Filter>Source Files\Events</Filter>
    </ClInclude>
    <ClInclude Include="Src\Events\EventTypes.h">
      <Filter>Source Files\Events</Filter>
    </ClInclude>
    <ClInclude Include="Src\Windowing\Win32Window.h">
      <Filter>Source Files\Windowing</Filter>
    </ClInclude>
    <ClInclude Include="Src\Windowing\WindowMessageAdaptor.h">
      <Filter>Source Files\Windowing</Filter>
    </ClInclude>
    <ClInclude Include="Src\Windowing\WinKeyCodes.h">
      <Filter>Source Files\Windowing</Filter>
    </ClInclude>
    <ClInclude Include="Src\RenderCore\Renderer.h">
      <Filter>Source Files\RenderCore</Filter>
    </ClInclude>
    <ClInclude Include="Src\Utils\Conversions.h">
      <Filter>Source Files\Utils</Filter>
    </ClInclude>
    <ClInclude Include="Src\Utils\Functor.h">
      <Filter>Source Files\Utils</Filter>
    </ClInclude>
    <ClInclude Include="Src\Utils\PrimitiveDefs.h">
      <Filter>Source Files\Utils</Filter>
    </ClInclude>
    <ClInclude Include="Src\Utils\StringUtils.h">
      <Filter>Source Files\Utils</Filter>
    </ClInclude>
    <ClInclude Include="Src\Utils\Math\Math.h">
      <Filter>Source Files\Utils\Math</Filter>
    </ClInclude>
    <ClInclude Include="Src\Utils\Math\Vector2D.h">
      <Filter>Source Files\Utils\Math</Filter>
    </ClInclude>
    <ClInclude Include="Src\Utils\Math\Vector3D.h">
      <Filter>Source Files\Utils\Math</Filter>
    </ClInclude>
    <ClInclude Include="Src\RZE.h">
      <Filter>Source Files</Filter>
    </ClInclude>
    <ClInclude Include="Src\RenderCore\HardwareInterface\OpenGLRHI.h">
      <Filter>Source Files\RenderCore\HardwareInterface</Filter>
    </ClInclude>
  </ItemGroup>
</Project>