<?xml version="1.0" encoding="utf-8"?>
<Project ToolsVersion="4.0" xmlns="http://schemas.microsoft.com/developer/msbuild/2003">
  <ItemGroup>
    <Filter Include="Source Files">
      <UniqueIdentifier>{4FC737F1-C7A5-4376-A066-2A32D752A2FF}</UniqueIdentifier>
      <Extensions>cpp;c;cc;cxx;def;odl;idl;hpj;bat;asm;asmx</Extensions>
    </Filter>
    <Filter Include="Header Files">
      <UniqueIdentifier>{93995380-89BD-4b04-88EB-625FBE52EBFB}</UniqueIdentifier>
      <Extensions>h;hh;hpp;hxx;hm;inl;inc;xsd</Extensions>
    </Filter>
    <Filter Include="Resource Files">
      <UniqueIdentifier>{67DA6AB6-F800-4c08-8B7A-83BB121AAD01}</UniqueIdentifier>
      <Extensions>rc;ico;cur;bmp;dlg;rc2;rct;bin;rgs;gif;jpg;jpeg;jpe;resx;tiff;tif;png;wav;mfcribbon-ms</Extensions>
    </Filter>
    <Filter Include="Source Files\EngineCore">
      <UniqueIdentifier>{f3b08193-8b1b-4462-a2c7-cfb1ce2d4514}</UniqueIdentifier>
    </Filter>
    <Filter Include="Source Files\Utils">
      <UniqueIdentifier>{a24fb93a-44a7-40ff-8f44-0d590370dfcb}</UniqueIdentifier>
    </Filter>
    <Filter Include="Source Files\Utils\Math">
      <UniqueIdentifier>{bbb0cdea-4cfa-43a8-a7dd-84b4fbdbd2cc}</UniqueIdentifier>
    </Filter>
    <Filter Include="Source Files\EngineCore\Input">
      <UniqueIdentifier>{7c96c1b1-ba10-40f4-ab4c-850013c115f6}</UniqueIdentifier>
    </Filter>
    <Filter Include="Source Files\RenderCore">
      <UniqueIdentifier>{9566b842-3b8a-47b5-93c2-09387175bd64}</UniqueIdentifier>
    </Filter>
    <Filter Include="Source Files\Events">
      <UniqueIdentifier>{e8f13302-7f7c-472c-9f38-8673ec37ea73}</UniqueIdentifier>
    </Filter>
    <Filter Include="Source Files\Windowing">
      <UniqueIdentifier>{1fbcf05c-ea5b-451f-82c6-66303bcef10e}</UniqueIdentifier>
    </Filter>
    <Filter Include="Source Files\Debug">
      <UniqueIdentifier>{fda1f300-df02-4277-a729-8017f125984c}</UniqueIdentifier>
    </Filter>
    <Filter Include="Source Files\RenderCore\HardwareInterface">
      <UniqueIdentifier>{275d7f2a-9495-453b-b922-930f868e3021}</UniqueIdentifier>
    </Filter>
    <Filter Include="Source Files\Game">
      <UniqueIdentifier>{ff748b77-9e5b-4d5b-a162-08a1236604c7}</UniqueIdentifier>
    </Filter>
    <Filter Include="Source Files\Game\Systems">
      <UniqueIdentifier>{ea47d9a7-8de9-4e12-8a6f-ef23eed13a4d}</UniqueIdentifier>
    </Filter>
    <Filter Include="Source Files\Game\ECS">
      <UniqueIdentifier>{6b28ce53-244e-4f57-82d6-eff3b0830eaf}</UniqueIdentifier>
    </Filter>
    <Filter Include="Source Files\Game\Components">
      <UniqueIdentifier>{0d16c392-10fe-47fd-b070-867e46456bd1}</UniqueIdentifier>
    </Filter>
    <Filter Include="Source Files\RenderCore\Techniques">
      <UniqueIdentifier>{73af9851-cfdf-450c-ad74-d45d4b8074e3}</UniqueIdentifier>
    </Filter>
    <Filter Include="Source Files\EngineCore\Platform">
      <UniqueIdentifier>{59ec563e-ba69-4806-b450-1499e7e0889c}</UniqueIdentifier>
    </Filter>
    <Filter Include="Source Files\EngineCore\Config">
      <UniqueIdentifier>{47f88397-0f12-4a50-ab9c-59b0abbf309d}</UniqueIdentifier>
    </Filter>
    <Filter Include="Source Files\RenderCore\Graphics">
      <UniqueIdentifier>{d9d10028-5694-477b-8ace-f54d8bd4bbb3}</UniqueIdentifier>
    </Filter>
    <Filter Include="Source Files\EngineCore\Resources">
      <UniqueIdentifier>{c6f37610-c5e3-4892-92cb-8ad1aa5c1d62}</UniqueIdentifier>
    </Filter>
  </ItemGroup>
  <ItemGroup>
    <ClCompile Include="Src\Application.cpp">
      <Filter>Source Files</Filter>
    </ClCompile>
    <ClCompile Include="Src\EngineCore\Engine.cpp">
      <Filter>Source Files\EngineCore</Filter>
    </ClCompile>
    <ClCompile Include="Src\StdAfx.cpp">
      <Filter>Source Files</Filter>
    </ClCompile>
    <ClCompile Include="Src\EngineCore\Input\InputHandler.cpp">
      <Filter>Source Files\EngineCore\Input</Filter>
    </ClCompile>
    <ClCompile Include="Src\Events\EventHandler.cpp">
      <Filter>Source Files\Events</Filter>
    </ClCompile>
    <ClCompile Include="Src\Events\Events.cpp">
      <Filter>Source Files\Events</Filter>
    </ClCompile>
    <ClCompile Include="Src\Windowing\Win32Window.cpp">
      <Filter>Source Files\Windowing</Filter>
    </ClCompile>
    <ClCompile Include="Src\Windowing\WindowMessageAdaptor.cpp">
      <Filter>Source Files\Windowing</Filter>
    </ClCompile>
    <ClCompile Include="Src\Utils\Conversions.cpp">
      <Filter>Source Files\Utils</Filter>
    </ClCompile>
    <ClCompile Include="Src\Utils\Math\Vector2D.cpp">
      <Filter>Source Files\Utils\Math</Filter>
    </ClCompile>
    <ClCompile Include="Src\Utils\Math\Vector3D.cpp">
      <Filter>Source Files\Utils\Math</Filter>
    </ClCompile>
    <ClCompile Include="Src\RenderCore\HardwareInterface\OpenGL.cpp">
      <Filter>Source Files\RenderCore\HardwareInterface</Filter>
    </ClCompile>
    <ClCompile Include="Src\Game\GameWorld.cpp">
      <Filter>Source Files\Game</Filter>
    </ClCompile>
    <ClCompile Include="Src\Game\ECS\EntityAdmin.cpp">
      <Filter>Source Files\Game\ECS</Filter>
    </ClCompile>
    <ClCompile Include="Src\Game\Systems\RenderSystem.cpp">
      <Filter>Source Files\Game\Systems</Filter>
    </ClCompile>
    <ClCompile Include="Src\Game\Systems\MovementSystem.cpp">
      <Filter>Source Files\Game\Systems</Filter>
    </ClCompile>
    <ClCompile Include="Src\Game\GameEntity.cpp">
      <Filter>Source Files\Game</Filter>
    </ClCompile>
    <ClCompile Include="Src\RenderCore\Shaders\Shader.cpp">
      <Filter>Source Files\RenderCore\Techniques</Filter>
    </ClCompile>
    <ClCompile Include="Src\RenderCore\Shaders\ShaderGroup.cpp">
      <Filter>Source Files\RenderCore\Techniques</Filter>
    </ClCompile>
    <ClCompile Include="Src\Game\Components\TransformComponent.cpp">
      <Filter>Source Files\Game\Components</Filter>
    </ClCompile>
    <ClCompile Include="Src\RenderCore\Renderer.cpp">
      <Filter>Source Files\RenderCore</Filter>
    </ClCompile>
    <ClCompile Include="Src\Game\Components\MeshComponent.cpp">
      <Filter>Source Files\Game\Components</Filter>
    </ClCompile>
    <ClCompile Include="Src\EngineCore\Platform\File.cpp">
      <Filter>Source Files\EngineCore\Platform</Filter>
    </ClCompile>
    <ClCompile Include="Src\Utils\Math\Vector4D.cpp">
      <Filter>Source Files\Utils\Math</Filter>
    </ClCompile>
    <ClCompile Include="Src\Utils\Math\Matrix4x4.cpp">
      <Filter>Source Files\Utils\Math</Filter>
    </ClCompile>
    <ClCompile Include="Src\RenderCore\SceneCamera.cpp">
      <Filter>Source Files\RenderCore</Filter>
    </ClCompile>
    <ClCompile Include="Src\Utils\Math\Quaternion.cpp">
      <Filter>Source Files\Utils\Math</Filter>
    </ClCompile>
    <ClCompile Include="Src\Utils\Math\Math.cpp">
      <Filter>Source Files\Utils\Math</Filter>
    </ClCompile>
    <ClCompile Include="Src\Game\ECS\Entity.cpp">
      <Filter>Source Files\Game\ECS</Filter>
    </ClCompile>
    <ClCompile Include="Src\EngineCore\Config\Config.cpp">
      <Filter>Source Files\EngineCore\Config</Filter>
    </ClCompile>
    <ClCompile Include="Src\EngineCore\Config\EngineConfig.cpp">
      <Filter>Source Files\EngineCore\Config</Filter>
    </ClCompile>
    <ClCompile Include="Src\RenderCore\Graphics\Mesh.cpp">
      <Filter>Source Files\RenderCore\Graphics</Filter>
    </ClCompile>
    <ClCompile Include="Src\Game\Components\LightSourceComponent.cpp">
      <Filter>Source Files\Game\Components</Filter>
    </ClCompile>
    <ClCompile Include="Src\EngineCore\Resources\ResourceHandler.cpp">
      <Filter>Source Files\EngineCore\Resources</Filter>
    </ClCompile>
    <ClCompile Include="Src\EngineCore\Platform\Memory\BlockAllocator.cpp">
      <Filter>Source Files</Filter>
    </ClCompile>
    <ClCompile Include="Src\RenderCore\Graphics\Texture2D.cpp">
      <Filter>Source Files</Filter>
    </ClCompile>
  </ItemGroup>
  <ItemGroup>
    <ClInclude Include="Src\EngineCore\Engine.h">
      <Filter>Source Files\EngineCore</Filter>
    </ClInclude>
    <ClInclude Include="Src\Application.h">
      <Filter>Source Files</Filter>
    </ClInclude>
    <ClInclude Include="Src\StdAfx.h">
      <Filter>Source Files</Filter>
    </ClInclude>
    <ClInclude Include="Src\EngineCore\Input\InputHandler.h">
      <Filter>Source Files\EngineCore\Input</Filter>
    </ClInclude>
    <ClInclude Include="Src\Events\EventHandler.h">
      <Filter>Source Files\Events</Filter>
    </ClInclude>
    <ClInclude Include="Src\Events\Events.h">
      <Filter>Source Files\Events</Filter>
    </ClInclude>
    <ClInclude Include="Src\Events\EventTypes.h">
      <Filter>Source Files\Events</Filter>
    </ClInclude>
    <ClInclude Include="Src\Windowing\Win32Window.h">
      <Filter>Source Files\Windowing</Filter>
    </ClInclude>
    <ClInclude Include="Src\Windowing\WindowMessageAdaptor.h">
      <Filter>Source Files\Windowing</Filter>
    </ClInclude>
    <ClInclude Include="Src\Windowing\WinKeyCodes.h">
      <Filter>Source Files\Windowing</Filter>
    </ClInclude>
    <ClInclude Include="Src\Utils\Conversions.h">
      <Filter>Source Files\Utils</Filter>
    </ClInclude>
    <ClInclude Include="Src\Utils\Functor.h">
      <Filter>Source Files\Utils</Filter>
    </ClInclude>
    <ClInclude Include="Src\Utils\PrimitiveDefs.h">
      <Filter>Source Files\Utils</Filter>
    </ClInclude>
    <ClInclude Include="Src\Utils\StringUtils.h">
      <Filter>Source Files\Utils</Filter>
    </ClInclude>
    <ClInclude Include="Src\Utils\Math\Math.h">
      <Filter>Source Files\Utils\Math</Filter>
    </ClInclude>
    <ClInclude Include="Src\Utils\Math\Vector2D.h">
      <Filter>Source Files\Utils\Math</Filter>
    </ClInclude>
    <ClInclude Include="Src\Utils\Math\Vector3D.h">
      <Filter>Source Files\Utils\Math</Filter>
    </ClInclude>
    <ClInclude Include="Src\RZE.h">
      <Filter>Source Files</Filter>
    </ClInclude>
    <ClInclude Include="Src\RenderCore\HardwareInterface\OpenGL.h">
      <Filter>Source Files\RenderCore\HardwareInterface</Filter>
    </ClInclude>
    <ClInclude Include="Src\RZE_Config.h">
      <Filter>Source Files</Filter>
    </ClInclude>
    <ClInclude Include="Src\Game\GameWorld.h">
      <Filter>Source Files\Game</Filter>
    </ClInclude>
    <ClInclude Include="Src\Game\ECS\Entity.h">
      <Filter>Source Files\Game\ECS</Filter>
    </ClInclude>
    <ClInclude Include="Src\Game\ECS\EntityAdmin.h">
      <Filter>Source Files\Game\ECS</Filter>
    </ClInclude>
    <ClInclude Include="Src\Game\ECS\EntityComponent.h">
      <Filter>Source Files\Game\ECS</Filter>
    </ClInclude>
    <ClInclude Include="Src\Game\Systems\RenderSystem.h">
      <Filter>Source Files\Game\Systems</Filter>
    </ClInclude>
    <ClInclude Include="Src\Game\Systems\MovementSystem.h">
      <Filter>Source Files\Game\Systems</Filter>
    </ClInclude>
    <ClInclude Include="Src\Game\GameEntity.h">
      <Filter>Source Files\Game</Filter>
    </ClInclude>
    <ClInclude Include="Src\RenderCore\Shaders\Shader.h">
      <Filter>Source Files\RenderCore\Techniques</Filter>
    </ClInclude>
    <ClInclude Include="Src\RenderCore\Shaders\ShaderGroup.h">
      <Filter>Source Files\RenderCore\Techniques</Filter>
    </ClInclude>
    <ClInclude Include="Src\Game\Components\TransformComponent.h">
      <Filter>Source Files\Game\Components</Filter>
    </ClInclude>
    <ClInclude Include="Src\Game\ECS\EntitySystem.h">
      <Filter>Source Files\Game\ECS</Filter>
    </ClInclude>
    <ClInclude Include="Src\RenderCore\Renderer.h">
      <Filter>Source Files\RenderCore</Filter>
    </ClInclude>
    <ClInclude Include="Src\Game\Components\MeshComponent.h">
      <Filter>Source Files\Game\Components</Filter>
    </ClInclude>
    <ClInclude Include="Src\EngineCore\Platform\File.h">
      <Filter>Source Files\EngineCore\Platform</Filter>
    </ClInclude>
    <ClInclude Include="Src\Utils\Math\Vector4D.h">
      <Filter>Source Files\Utils\Math</Filter>
    </ClInclude>
    <ClInclude Include="Src\Utils\Math\Matrix4x4.h">
      <Filter>Source Files\Utils\Math</Filter>
    </ClInclude>
    <ClInclude Include="Src\RenderCore\SceneCamera.h">
      <Filter>Source Files\RenderCore</Filter>
    </ClInclude>
    <ClInclude Include="Src\Utils\Math\Quaternion.h">
      <Filter>Source Files\Utils\Math</Filter>
    </ClInclude>
    <ClInclude Include="Src\DebugUtils\Debug.h">
      <Filter>Source Files\Debug</Filter>
    </ClInclude>
    <ClInclude Include="Src\EngineCore\Config\Config.h">
      <Filter>Source Files\EngineCore\Config</Filter>
    </ClInclude>
    <ClInclude Include="Src\EngineCore\Platform\FilePath.h">
      <Filter>Source Files\EngineCore\Platform</Filter>
    </ClInclude>
    <ClInclude Include="Src\EngineCore\Config\EngineConfig.h">
      <Filter>Source Files\EngineCore\Config</Filter>
    </ClInclude>
    <ClInclude Include="Src\RenderCore\Graphics\Mesh.h">
      <Filter>Source Files\RenderCore\Graphics</Filter>
    </ClInclude>
    <ClInclude Include="Src\Game\Components\LightSourceComponent.h">
      <Filter>Source Files\Game\Components</Filter>
    </ClInclude>
    <ClInclude Include="Src\EngineCore\Resources\Resource.h">
      <Filter>Source Files\EngineCore\Resources</Filter>
    </ClInclude>
    <ClInclude Include="Src\EngineCore\Resources\ResourceHandler.h">
      <Filter>Source Files\EngineCore\Resources</Filter>
    </ClInclude>
    <ClInclude Include="Src\EngineCore\Platform\Memory\Memory.h">
      <Filter>Header Files</Filter>
    </ClInclude>
    <ClInclude Include="Src\EngineCore\Platform\Memory\BlockAllocator.h">
      <Filter>Header Files</Filter>
    </ClInclude>
    <ClInclude Include="Src\RenderCore\Graphics\Texture2D.h">
      <Filter>Header Files</Filter>
    </ClInclude>
  </ItemGroup>
</Project>